
Microsoft Visual Studio Solution File, Format Version 12.00
# Visual Studio Version 16
VisualStudioVersion = 16.0.31515.178
MinimumVisualStudioVersion = 10.0.40219.1
Project("{FAE04EC0-301F-11D3-BF4B-00C04F79EFBC}") = "SRAMMifgen", "SRAMMifgen.csproj", "{019F1F37-43CD-498D-8948-1CAA8DBEAB66}"
EndProject
Global
	GlobalSection(SolutionConfigurationPlatforms) = preSolution
		Debug|Any CPU = Debug|Any CPU
		Release|Any CPU = Release|Any CPU
	EndGlobalSection
	GlobalSection(ProjectConfigurationPlatforms) = postSolution
		{019F1F37-43CD-498D-8948-1CAA8DBEAB66}.Debug|Any CPU.ActiveCfg = Debug|Any CPU
		{019F1F37-43CD-498D-8948-1CAA8DBEAB66}.Debug|Any CPU.Build.0 = Debug|Any CPU
		{019F1F37-43CD-498D-8948-1CAA8DBEAB66}.Release|Any CPU.ActiveCfg = Release|Any CPU
		{019F1F37-43CD-498D-8948-1CAA8DBEAB66}.Release|Any CPU.Build.0 = Release|Any CPU
	EndGlobalSection
	GlobalSection(SolutionProperties) = preSolution
		HideSolutionNode = FALSE
	EndGlobalSection
	GlobalSection(ExtensibilityGlobals) = postSolution
		SolutionGuid = {D7FA68D5-424F-4959-9D33-6AD1046A594C}
	EndGlobalSection
EndGlobal
